
Microsoft Visual Studio Solution File, Format Version 12.00
# Visual Studio Version 16
VisualStudioVersion = 16.0.31613.86
MinimumVisualStudioVersion = 10.0.40219.1
Project("{888888A0-9F3D-457C-B088-3A5042F75D52}") = "calcu gui", "calcu gui.pyproj", "{63F8096C-BDF1-4E39-831D-045A722808E5}"
EndProject
Global
	GlobalSection(SolutionConfigurationPlatforms) = preSolution
		Debug|Any CPU = Debug|Any CPU
		Release|Any CPU = Release|Any CPU
	EndGlobalSection
	GlobalSection(ProjectConfigurationPlatforms) = postSolution
		{63F8096C-BDF1-4E39-831D-045A722808E5}.Debug|Any CPU.ActiveCfg = Debug|Any CPU
		{63F8096C-BDF1-4E39-831D-045A722808E5}.Release|Any CPU.ActiveCfg = Release|Any CPU
	EndGlobalSection
	GlobalSection(SolutionProperties) = preSolution
		HideSolutionNode = FALSE
	EndGlobalSection
	GlobalSection(ExtensibilityGlobals) = postSolution
		SolutionGuid = {6CAC9CDB-9322-4AAB-A51B-DCA818B110FD}
	EndGlobalSection
EndGlobal
